
Microsoft Visual Studio Solution File, Format Version 12.00
# Visual Studio Version 16
VisualStudioVersion = 16.0.30330.147
MinimumVisualStudioVersion = 10.0.40219.1
Project("{FAE04EC0-301F-11D3-BF4B-00C04F79EFBC}") = "BaseApi", "BaseApi\BaseApi.csproj", "{87AB8403-2129-4970-942D-14ACC83A5D60}"
EndProject
Project("{9A19103F-16F7-4668-BE54-9A1E7A4F7556}") = "Common", "Common\Common.csproj", "{6048F02B-6182-4049-840F-CE126BDC976A}"
EndProject
Project("{9A19103F-16F7-4668-BE54-9A1E7A4F7556}") = "DAL", "DAL\DAL.csproj", "{B63C8D24-A0FA-4DDB-9DD3-A82C37FF161A}"
EndProject
Project("{9A19103F-16F7-4668-BE54-9A1E7A4F7556}") = "Repository", "Repository\Repository.csproj", "{389BF3B1-B22F-434A-BA64-4F9BEB42F826}"
EndProject
Project("{9A19103F-16F7-4668-BE54-9A1E7A4F7556}") = "Service", "Service\Service.csproj", "{D7F2B8B2-CD6F-46DC-A5ED-907588462D2C}"
EndProject
Global
	GlobalSection(SolutionConfigurationPlatforms) = preSolution
		Debug|Any CPU = Debug|Any CPU
		Release|Any CPU = Release|Any CPU
	EndGlobalSection
	GlobalSection(ProjectConfigurationPlatforms) = postSolution
		{87AB8403-2129-4970-942D-14ACC83A5D60}.Debug|Any CPU.ActiveCfg = Debug|Any CPU
		{87AB8403-2129-4970-942D-14ACC83A5D60}.Debug|Any CPU.Build.0 = Debug|Any CPU
		{87AB8403-2129-4970-942D-14ACC83A5D60}.Release|Any CPU.ActiveCfg = Release|Any CPU
		{87AB8403-2129-4970-942D-14ACC83A5D60}.Release|Any CPU.Build.0 = Release|Any CPU
		{6048F02B-6182-4049-840F-CE126BDC976A}.Debug|Any CPU.ActiveCfg = Debug|Any CPU
		{6048F02B-6182-4049-840F-CE126BDC976A}.Debug|Any CPU.Build.0 = Debug|Any CPU
		{6048F02B-6182-4049-840F-CE126BDC976A}.Release|Any CPU.ActiveCfg = Release|Any CPU
		{6048F02B-6182-4049-840F-CE126BDC976A}.Release|Any CPU.Build.0 = Release|Any CPU
		{B63C8D24-A0FA-4DDB-9DD3-A82C37FF161A}.Debug|Any CPU.ActiveCfg = Debug|Any CPU
		{B63C8D24-A0FA-4DDB-9DD3-A82C37FF161A}.Debug|Any CPU.Build.0 = Debug|Any CPU
		{B63C8D24-A0FA-4DDB-9DD3-A82C37FF161A}.Release|Any CPU.ActiveCfg = Release|Any CPU
		{B63C8D24-A0FA-4DDB-9DD3-A82C37FF161A}.Release|Any CPU.Build.0 = Release|Any CPU
		{389BF3B1-B22F-434A-BA64-4F9BEB42F826}.Debug|Any CPU.ActiveCfg = Debug|Any CPU
		{389BF3B1-B22F-434A-BA64-4F9BEB42F826}.Debug|Any CPU.Build.0 = Debug|Any CPU
		{389BF3B1-B22F-434A-BA64-4F9BEB42F826}.Release|Any CPU.ActiveCfg = Release|Any CPU
		{389BF3B1-B22F-434A-BA64-4F9BEB42F826}.Release|Any CPU.Build.0 = Release|Any CPU
		{D7F2B8B2-CD6F-46DC-A5ED-907588462D2C}.Debug|Any CPU.ActiveCfg = Debug|Any CPU
		{D7F2B8B2-CD6F-46DC-A5ED-907588462D2C}.Debug|Any CPU.Build.0 = Debug|Any CPU
		{D7F2B8B2-CD6F-46DC-A5ED-907588462D2C}.Release|Any CPU.ActiveCfg = Release|Any CPU
		{D7F2B8B2-CD6F-46DC-A5ED-907588462D2C}.Release|Any CPU.Build.0 = Release|Any CPU
	EndGlobalSection
	GlobalSection(SolutionProperties) = preSolution
		HideSolutionNode = FALSE
	EndGlobalSection
	GlobalSection(ExtensibilityGlobals) = postSolution
		SolutionGuid = {E19C3A34-5982-4E8B-810E-B4BC9FC13799}
	EndGlobalSection
EndGlobal
